
Microsoft Visual Studio Solution File, Format Version 12.00
# Visual Studio Version 17
VisualStudioVersion = 17.8.34322.80
MinimumVisualStudioVersion = 10.0.40219.1
Project("{FAE04EC0-301F-11D3-BF4B-00C04F79EFBC}") = "AoC4", "AoC4\AoC4.csproj", "{8105E607-C978-48C9-914C-1B4B2525D62F}"
EndProject
Global
	GlobalSection(SolutionConfigurationPlatforms) = preSolution
		Debug|Any CPU = Debug|Any CPU
		Release|Any CPU = Release|Any CPU
	EndGlobalSection
	GlobalSection(ProjectConfigurationPlatforms) = postSolution
		{8105E607-C978-48C9-914C-1B4B2525D62F}.Debug|Any CPU.ActiveCfg = Debug|Any CPU
		{8105E607-C978-48C9-914C-1B4B2525D62F}.Debug|Any CPU.Build.0 = Debug|Any CPU
		{8105E607-C978-48C9-914C-1B4B2525D62F}.Release|Any CPU.ActiveCfg = Release|Any CPU
		{8105E607-C978-48C9-914C-1B4B2525D62F}.Release|Any CPU.Build.0 = Release|Any CPU
	EndGlobalSection
	GlobalSection(SolutionProperties) = preSolution
		HideSolutionNode = FALSE
	EndGlobalSection
	GlobalSection(ExtensibilityGlobals) = postSolution
		SolutionGuid = {D9FFCAFF-E257-412A-80DE-59986199A0D8}
	EndGlobalSection
EndGlobal
